
Microsoft Visual Studio Solution File, Format Version 12.00
# Visual Studio 15
VisualStudioVersion = 15.0.28307.136
MinimumVisualStudioVersion = 10.0.40219.1
Project("{FAE04EC0-301F-11D3-BF4B-00C04F79EFBC}") = "Lemmy.App", "Lemmy.App\Lemmy.App.csproj", "{A6AC03BC-FA8C-4FBD-879A-A6C8E5D89CD0}"
EndProject
Project("{FAE04EC0-301F-11D3-BF4B-00C04F79EFBC}") = "Lemmy.Core", "..\Lemmy.Core\Lemmy.Core.csproj", "{1162D1BA-84FB-456F-87D8-C06AA3A29C18}"
EndProject
Project("{FAE04EC0-301F-11D3-BF4B-00C04F79EFBC}") = "Lemmy.Core.Tests", "Lemmy.Core.Tests\Lemmy.Core.Tests.csproj", "{F108ADB7-FB9D-4AFC-B98A-6283573112EC}"
EndProject
Global
	GlobalSection(SolutionConfigurationPlatforms) = preSolution
		Debug|Any CPU = Debug|Any CPU
		Release|Any CPU = Release|Any CPU
	EndGlobalSection
	GlobalSection(ProjectConfigurationPlatforms) = postSolution
		{A6AC03BC-FA8C-4FBD-879A-A6C8E5D89CD0}.Debug|Any CPU.ActiveCfg = Debug|Any CPU
		{A6AC03BC-FA8C-4FBD-879A-A6C8E5D89CD0}.Debug|Any CPU.Build.0 = Debug|Any CPU
		{A6AC03BC-FA8C-4FBD-879A-A6C8E5D89CD0}.Release|Any CPU.ActiveCfg = Release|Any CPU
		{A6AC03BC-FA8C-4FBD-879A-A6C8E5D89CD0}.Release|Any CPU.Build.0 = Release|Any CPU
		{1162D1BA-84FB-456F-87D8-C06AA3A29C18}.Debug|Any CPU.ActiveCfg = Debug|Any CPU
		{1162D1BA-84FB-456F-87D8-C06AA3A29C18}.Debug|Any CPU.Build.0 = Debug|Any CPU
		{1162D1BA-84FB-456F-87D8-C06AA3A29C18}.Release|Any CPU.ActiveCfg = Release|Any CPU
		{1162D1BA-84FB-456F-87D8-C06AA3A29C18}.Release|Any CPU.Build.0 = Release|Any CPU
		{F108ADB7-FB9D-4AFC-B98A-6283573112EC}.Debug|Any CPU.ActiveCfg = Debug|Any CPU
		{F108ADB7-FB9D-4AFC-B98A-6283573112EC}.Debug|Any CPU.Build.0 = Debug|Any CPU
		{F108ADB7-FB9D-4AFC-B98A-6283573112EC}.Release|Any CPU.ActiveCfg = Release|Any CPU
		{F108ADB7-FB9D-4AFC-B98A-6283573112EC}.Release|Any CPU.Build.0 = Release|Any CPU
	EndGlobalSection
	GlobalSection(SolutionProperties) = preSolution
		HideSolutionNode = FALSE
	EndGlobalSection
	GlobalSection(ExtensibilityGlobals) = postSolution
		SolutionGuid = {2C15105D-8A0C-48FB-A7A6-69FACBC4E778}
	EndGlobalSection
EndGlobal
