
Microsoft Visual Studio Solution File, Format Version 12.00
# Visual Studio 15
VisualStudioVersion = 15.0.28307.136
MinimumVisualStudioVersion = 10.0.40219.1
Project("{9A19103F-16F7-4668-BE54-9A1E7A4F7556}") = "Lemmy.App", "Lemmy.App\Lemmy.App.csproj", "{A6AC03BC-FA8C-4FBD-879A-A6C8E5D89CD0}"
EndProject
Project("{9A19103F-16F7-4668-BE54-9A1E7A4F7556}") = "Lemmy.Core.Tests", "Lemmy.Core.Tests\Lemmy.Core.Tests.csproj", "{F108ADB7-FB9D-4AFC-B98A-6283573112EC}"
EndProject
Project("{9A19103F-16F7-4668-BE54-9A1E7A4F7556}") = "Lemmy.Core", "Lemmy.Core\Lemmy.Core.csproj", "{150C8D7E-52BB-4176-8D36-506E381AE012}"
EndProject
Global
	GlobalSection(SolutionConfigurationPlatforms) = preSolution
		Debug|Any CPU = Debug|Any CPU
		Release|Any CPU = Release|Any CPU
	EndGlobalSection
	GlobalSection(ProjectConfigurationPlatforms) = postSolution
		{A6AC03BC-FA8C-4FBD-879A-A6C8E5D89CD0}.Debug|Any CPU.ActiveCfg = Debug|Any CPU
		{A6AC03BC-FA8C-4FBD-879A-A6C8E5D89CD0}.Debug|Any CPU.Build.0 = Debug|Any CPU
		{A6AC03BC-FA8C-4FBD-879A-A6C8E5D89CD0}.Release|Any CPU.ActiveCfg = Release|Any CPU
		{A6AC03BC-FA8C-4FBD-879A-A6C8E5D89CD0}.Release|Any CPU.Build.0 = Release|Any CPU
		{F108ADB7-FB9D-4AFC-B98A-6283573112EC}.Debug|Any CPU.ActiveCfg = Debug|Any CPU
		{F108ADB7-FB9D-4AFC-B98A-6283573112EC}.Debug|Any CPU.Build.0 = Debug|Any CPU
		{F108ADB7-FB9D-4AFC-B98A-6283573112EC}.Release|Any CPU.ActiveCfg = Release|Any CPU
		{F108ADB7-FB9D-4AFC-B98A-6283573112EC}.Release|Any CPU.Build.0 = Release|Any CPU
		{150C8D7E-52BB-4176-8D36-506E381AE012}.Debug|Any CPU.ActiveCfg = Debug|Any CPU
		{150C8D7E-52BB-4176-8D36-506E381AE012}.Debug|Any CPU.Build.0 = Debug|Any CPU
		{150C8D7E-52BB-4176-8D36-506E381AE012}.Release|Any CPU.ActiveCfg = Release|Any CPU
		{150C8D7E-52BB-4176-8D36-506E381AE012}.Release|Any CPU.Build.0 = Release|Any CPU
	EndGlobalSection
	GlobalSection(SolutionProperties) = preSolution
		HideSolutionNode = FALSE
	EndGlobalSection
	GlobalSection(ExtensibilityGlobals) = postSolution
		SolutionGuid = {2C15105D-8A0C-48FB-A7A6-69FACBC4E778}
	EndGlobalSection
EndGlobal
